
Microsoft Visual Studio Solution File, Format Version 12.00
# Visual Studio Version 16
VisualStudioVersion = 16.0.31727.386
MinimumVisualStudioVersion = 10.0.40219.1
Project("{FAE04EC0-301F-11D3-BF4B-00C04F79EFBC}") = "StarSecurityServices", "StarSecurityServices\StarSecurityServices.csproj", "{0B6A6693-F994-4EA6-8EC8-CDACAE351776}"
EndProject
Global
	GlobalSection(SolutionConfigurationPlatforms) = preSolution
		Debug|Any CPU = Debug|Any CPU
		Release|Any CPU = Release|Any CPU
	EndGlobalSection
	GlobalSection(ProjectConfigurationPlatforms) = postSolution
		{0B6A6693-F994-4EA6-8EC8-CDACAE351776}.Debug|Any CPU.ActiveCfg = Debug|Any CPU
		{0B6A6693-F994-4EA6-8EC8-CDACAE351776}.Debug|Any CPU.Build.0 = Debug|Any CPU
		{0B6A6693-F994-4EA6-8EC8-CDACAE351776}.Release|Any CPU.ActiveCfg = Release|Any CPU
		{0B6A6693-F994-4EA6-8EC8-CDACAE351776}.Release|Any CPU.Build.0 = Release|Any CPU
	EndGlobalSection
	GlobalSection(SolutionProperties) = preSolution
		HideSolutionNode = FALSE
	EndGlobalSection
	GlobalSection(ExtensibilityGlobals) = postSolution
		SolutionGuid = {9C57475E-94AA-4147-A6C4-CF41FC2E7974}
	EndGlobalSection
EndGlobal
