
Microsoft Visual Studio Solution File, Format Version 12.00
# Visual Studio Version 16
VisualStudioVersion = 16.0.32002.261
MinimumVisualStudioVersion = 10.0.40219.1
Project("{FAE04EC0-301F-11D3-BF4B-00C04F79EFBC}") = "StarSecurityServices", "StarSecurityServices\StarSecurityServices.csproj", "{151F69C6-C606-4943-BD43-EA57414D2627}"
EndProject
Global
	GlobalSection(SolutionConfigurationPlatforms) = preSolution
		Debug|Any CPU = Debug|Any CPU
		Release|Any CPU = Release|Any CPU
	EndGlobalSection
	GlobalSection(ProjectConfigurationPlatforms) = postSolution
		{151F69C6-C606-4943-BD43-EA57414D2627}.Debug|Any CPU.ActiveCfg = Debug|Any CPU
		{151F69C6-C606-4943-BD43-EA57414D2627}.Debug|Any CPU.Build.0 = Debug|Any CPU
		{151F69C6-C606-4943-BD43-EA57414D2627}.Release|Any CPU.ActiveCfg = Release|Any CPU
		{151F69C6-C606-4943-BD43-EA57414D2627}.Release|Any CPU.Build.0 = Release|Any CPU
	EndGlobalSection
	GlobalSection(SolutionProperties) = preSolution
		HideSolutionNode = FALSE
	EndGlobalSection
	GlobalSection(ExtensibilityGlobals) = postSolution
		SolutionGuid = {B61DB892-FF1C-4109-89CB-3065C0913233}
	EndGlobalSection
EndGlobal
